{
  "lockfileVersion": 1,
  "configVersion": 0,
  "workspaces": {
    "": {
      "name": "@ideascol/cli-maker",
      "devDependencies": {
        "@types/node": "^20.14.11",
        "typescript": "^5.5.3",
      },
    },
  },
  "packages": {
    "@types/node": ["@types/node@20.14.11", "", { "dependencies": { "undici-types": "~5.26.4" } }, "sha512-kprQpL8MMeszbz6ojB5/tU8PLN4kesnN8Gjzw349rDlNgsSzg90lAVj3llK99Dh7JON+t9AuscPPFW6mPbTnSA=="],

    "typescript": ["typescript@5.5.3", "", { "bin": { "tsc": "bin/tsc", "tsserver": "bin/tsserver" } }, "sha512-/hreyEujaB0w76zKo6717l3L0o/qEUtRgdvUBvlkhoWeOVMjMuHNHk0BRBzikzuGDqNmPQbg5ifMEqsHLiIUcQ=="],

    "undici-types": ["undici-types@5.26.5", "", {}, "sha512-JlCMO+ehdEIKqlFxk6IfVoAUVmgz7cU7zD/h9XZ0qzeosSHmUJVOzSQvvYSYWXkFXC+IfLKSIffhv0sVZup6pA=="],
  }
}
