{
  "name": "@ideascol/cli-maker-example",
  "version": "1.0.0",
  "lockfileVersion": 3,
  "requires": true,
  "packages": {
    "": {
      "name": "@ideascol/cli-maker-example",
      "version": "1.0.0",
      "dependencies": {
        "@ideascol/cli-maker": "../dist"
      }
    },
    "..": {
      "name": "@ideascol/cli-maker",
      "version": "1.6.3",
      "license": "MIT",
      "bin": {
        "cli-maker": "dist/bin/cli.js"
      },
      "devDependencies": {
        "@types/node": "^20.14.11",
        "typescript": "^5.5.3"
      }
    },
    "../..": {},
    "../dist": {},
    "node_modules/@ideascol/cli-maker": {
      "resolved": "../dist",
      "link": true
    }
  }
}
